
Microsoft Visual Studio Solution File, Format Version 12.00
# Visual Studio Version 17
VisualStudioVersion = 17.4.33213.308
MinimumVisualStudioVersion = 10.0.40219.1
Project("{FAE04EC0-301F-11D3-BF4B-00C04F79EFBC}") = "ChayBiShop94", "ChayBiShop94\ChayBiShop94.csproj", "{B2A655DE-8794-44C1-9B6F-18325C09C99C}"
EndProject
Global
	GlobalSection(SolutionConfigurationPlatforms) = preSolution
		Debug|Any CPU = Debug|Any CPU
		Release|Any CPU = Release|Any CPU
	EndGlobalSection
	GlobalSection(ProjectConfigurationPlatforms) = postSolution
		{B2A655DE-8794-44C1-9B6F-18325C09C99C}.Debug|Any CPU.ActiveCfg = Debug|Any CPU
		{B2A655DE-8794-44C1-9B6F-18325C09C99C}.Debug|Any CPU.Build.0 = Debug|Any CPU
		{B2A655DE-8794-44C1-9B6F-18325C09C99C}.Release|Any CPU.ActiveCfg = Release|Any CPU
		{B2A655DE-8794-44C1-9B6F-18325C09C99C}.Release|Any CPU.Build.0 = Release|Any CPU
	EndGlobalSection
	GlobalSection(SolutionProperties) = preSolution
		HideSolutionNode = FALSE
	EndGlobalSection
	GlobalSection(ExtensibilityGlobals) = postSolution
		SolutionGuid = {B8F8D0C7-A737-483E-8AC0-AA43D3E60B6D}
	EndGlobalSection
EndGlobal
